
Microsoft Visual Studio Solution File, Format Version 12.00
# Visual Studio Version 16
VisualStudioVersion = 16.0.32126.315
MinimumVisualStudioVersion = 10.0.40219.1
Project("{8BC9CEB8-8B4A-11D0-8D11-00A0C91BC942}") = "Q1", "Q1\Q1.vcxproj", "{0BE20152-4E0E-41F8-9ADF-E6D1AC8E2847}"
EndProject
Project("{8BC9CEB8-8B4A-11D0-8D11-00A0C91BC942}") = "Q2", "Q2\Q2.vcxproj", "{C11D979E-2554-4F44-B1A5-11A75720EBAA}"
EndProject
Project("{8BC9CEB8-8B4A-11D0-8D11-00A0C91BC942}") = "Q3", "Q3\Q3.vcxproj", "{2EAC0FF5-8C45-4FB5-B4F6-10D6A6B6F2CB}"
EndProject
Project("{8BC9CEB8-8B4A-11D0-8D11-00A0C91BC942}") = "Q4", "Q4\Q4.vcxproj", "{3C9D117E-1830-4976-91A0-BA20D631CF28}"
EndProject
Project("{8BC9CEB8-8B4A-11D0-8D11-00A0C91BC942}") = "Q5", "Q5\Q5.vcxproj", "{E8894A51-33FC-45C7-9A9D-AA8FA52B89E5}"
EndProject
Project("{8BC9CEB8-8B4A-11D0-8D11-00A0C91BC942}") = "Q6", "Q6\Q6.vcxproj", "{DD8A4117-8196-4288-9F6D-277425560645}"
EndProject
Global
	GlobalSection(SolutionConfigurationPlatforms) = preSolution
		Debug|x64 = Debug|x64
		Debug|x86 = Debug|x86
		Release|x64 = Release|x64
		Release|x86 = Release|x86
	EndGlobalSection
	GlobalSection(ProjectConfigurationPlatforms) = postSolution
		{0BE20152-4E0E-41F8-9ADF-E6D1AC8E2847}.Debug|x64.ActiveCfg = Debug|x64
		{0BE20152-4E0E-41F8-9ADF-E6D1AC8E2847}.Debug|x64.Build.0 = Debug|x64
		{0BE20152-4E0E-41F8-9ADF-E6D1AC8E2847}.Debug|x86.ActiveCfg = Debug|Win32
		{0BE20152-4E0E-41F8-9ADF-E6D1AC8E2847}.Debug|x86.Build.0 = Debug|Win32
		{0BE20152-4E0E-41F8-9ADF-E6D1AC8E2847}.Release|x64.ActiveCfg = Release|x64
		{0BE20152-4E0E-41F8-9ADF-E6D1AC8E2847}.Release|x64.Build.0 = Release|x64
		{0BE20152-4E0E-41F8-9ADF-E6D1AC8E2847}.Release|x86.ActiveCfg = Release|Win32
		{0BE20152-4E0E-41F8-9ADF-E6D1AC8E2847}.Release|x86.Build.0 = Release|Win32
		{C11D979E-2554-4F44-B1A5-11A75720EBAA}.Debug|x64.ActiveCfg = Debug|x64
		{C11D979E-2554-4F44-B1A5-11A75720EBAA}.Debug|x64.Build.0 = Debug|x64
		{C11D979E-2554-4F44-B1A5-11A75720EBAA}.Debug|x86.ActiveCfg = Debug|Win32
		{C11D979E-2554-4F44-B1A5-11A75720EBAA}.Debug|x86.Build.0 = Debug|Win32
		{C11D979E-2554-4F44-B1A5-11A75720EBAA}.Release|x64.ActiveCfg = Release|x64
		{C11D979E-2554-4F44-B1A5-11A75720EBAA}.Release|x64.Build.0 = Release|x64
		{C11D979E-2554-4F44-B1A5-11A75720EBAA}.Release|x86.ActiveCfg = Release|Win32
		{C11D979E-2554-4F44-B1A5-11A75720EBAA}.Release|x86.Build.0 = Release|Win32
		{2EAC0FF5-8C45-4FB5-B4F6-10D6A6B6F2CB}.Debug|x64.ActiveCfg = Debug|x64
		{2EAC0FF5-8C45-4FB5-B4F6-10D6A6B6F2CB}.Debug|x64.Build.0 = Debug|x64
		{2EAC0FF5-8C45-4FB5-B4F6-10D6A6B6F2CB}.Debug|x86.ActiveCfg = Debug|Win32
		{2EAC0FF5-8C45-4FB5-B4F6-10D6A6B6F2CB}.Debug|x86.Build.0 = Debug|Win32
		{2EAC0FF5-8C45-4FB5-B4F6-10D6A6B6F2CB}.Release|x64.ActiveCfg = Release|x64
		{2EAC0FF5-8C45-4FB5-B4F6-10D6A6B6F2CB}.Release|x64.Build.0 = Release|x64
		{2EAC0FF5-8C45-4FB5-B4F6-10D6A6B6F2CB}.Release|x86.ActiveCfg = Release|Win32
		{2EAC0FF5-8C45-4FB5-B4F6-10D6A6B6F2CB}.Release|x86.Build.0 = Release|Win32
		{3C9D117E-1830-4976-91A0-BA20D631CF28}.Debug|x64.ActiveCfg = Debug|x64
		{3C9D117E-1830-4976-91A0-BA20D631CF28}.Debug|x64.Build.0 = Debug|x64
		{3C9D117E-1830-4976-91A0-BA20D631CF28}.Debug|x86.ActiveCfg = Debug|Win32
		{3C9D117E-1830-4976-91A0-BA20D631CF28}.Debug|x86.Build.0 = Debug|Win32
		{3C9D117E-1830-4976-91A0-BA20D631CF28}.Release|x64.ActiveCfg = Release|x64
		{3C9D117E-1830-4976-91A0-BA20D631CF28}.Release|x64.Build.0 = Release|x64
		{3C9D117E-1830-4976-91A0-BA20D631CF28}.Release|x86.ActiveCfg = Release|Win32
		{3C9D117E-1830-4976-91A0-BA20D631CF28}.Release|x86.Build.0 = Release|Win32
		{E8894A51-33FC-45C7-9A9D-AA8FA52B89E5}.Debug|x64.ActiveCfg = Debug|x64
		{E8894A51-33FC-45C7-9A9D-AA8FA52B89E5}.Debug|x64.Build.0 = Debug|x64
		{E8894A51-33FC-45C7-9A9D-AA8FA52B89E5}.Debug|x86.ActiveCfg = Debug|Win32
		{E8894A51-33FC-45C7-9A9D-AA8FA52B89E5}.Debug|x86.Build.0 = Debug|Win32
		{E8894A51-33FC-45C7-9A9D-AA8FA52B89E5}.Release|x64.ActiveCfg = Release|x64
		{E8894A51-33FC-45C7-9A9D-AA8FA52B89E5}.Release|x64.Build.0 = Release|x64
		{E8894A51-33FC-45C7-9A9D-AA8FA52B89E5}.Release|x86.ActiveCfg = Release|Win32
		{E8894A51-33FC-45C7-9A9D-AA8FA52B89E5}.Release|x86.Build.0 = Release|Win32
		{DD8A4117-8196-4288-9F6D-277425560645}.Debug|x64.ActiveCfg = Debug|x64
		{DD8A4117-8196-4288-9F6D-277425560645}.Debug|x64.Build.0 = Debug|x64
		{DD8A4117-8196-4288-9F6D-277425560645}.Debug|x86.ActiveCfg = Debug|Win32
		{DD8A4117-8196-4288-9F6D-277425560645}.Debug|x86.Build.0 = Debug|Win32
		{DD8A4117-8196-4288-9F6D-277425560645}.Release|x64.ActiveCfg = Release|x64
		{DD8A4117-8196-4288-9F6D-277425560645}.Release|x64.Build.0 = Release|x64
		{DD8A4117-8196-4288-9F6D-277425560645}.Release|x86.ActiveCfg = Release|Win32
		{DD8A4117-8196-4288-9F6D-277425560645}.Release|x86.Build.0 = Release|Win32
	EndGlobalSection
	GlobalSection(SolutionProperties) = preSolution
		HideSolutionNode = FALSE
	EndGlobalSection
	GlobalSection(ExtensibilityGlobals) = postSolution
		SolutionGuid = {A940E161-E8E3-43BE-8C35-11F4B6E4B38D}
	EndGlobalSection
EndGlobal
